
Microsoft Visual Studio Solution File, Format Version 12.00
# Visual Studio Version 17
VisualStudioVersion = 17.9.34616.47
MinimumVisualStudioVersion = 10.0.40219.1
Project("{9A19103F-16F7-4668-BE54-9A1E7A4F7556}") = "EmployeeTravelTask", "EmployeeTravelTask\EmployeeTravelTask.csproj", "{FFCCFA04-2E0E-4DF4-810F-27976963071D}"
EndProject
Global
	GlobalSection(SolutionConfigurationPlatforms) = preSolution
		Debug|Any CPU = Debug|Any CPU
		Release|Any CPU = Release|Any CPU
	EndGlobalSection
	GlobalSection(ProjectConfigurationPlatforms) = postSolution
		{FFCCFA04-2E0E-4DF4-810F-27976963071D}.Debug|Any CPU.ActiveCfg = Debug|Any CPU
		{FFCCFA04-2E0E-4DF4-810F-27976963071D}.Debug|Any CPU.Build.0 = Debug|Any CPU
		{FFCCFA04-2E0E-4DF4-810F-27976963071D}.Release|Any CPU.ActiveCfg = Release|Any CPU
		{FFCCFA04-2E0E-4DF4-810F-27976963071D}.Release|Any CPU.Build.0 = Release|Any CPU
	EndGlobalSection
	GlobalSection(SolutionProperties) = preSolution
		HideSolutionNode = FALSE
	EndGlobalSection
	GlobalSection(ExtensibilityGlobals) = postSolution
		SolutionGuid = {23838212-8876-485F-81B7-AC5060A82CC6}
	EndGlobalSection
EndGlobal
